{
  "name": "wiki",
  "version": "1.0.0",
  "lockfileVersion": 1,
  "requires": true,
  "dependencies": {
    "highlight.js": {
      "version": "9.18.5",
      "resolved": "https://registry.npmjs.org/highlight.js/-/highlight.js-9.18.5.tgz",
      "integrity": "sha512-a5bFyofd/BHCX52/8i8uJkjr9DYwXIPnM/plwI6W7ezItLGqzt7X2G2nXuYSfsIJdkwwj/g9DG1LkcGJI/dDoA=="
    },
    "highlight.js-async-webpack": {
      "version": "1.0.4",
      "resolved": "https://registry.npmjs.org/highlight.js-async-webpack/-/highlight.js-async-webpack-1.0.4.tgz",
      "integrity": "sha1-wGtnv5nwSQRdYrdW5YVbCRLsYWw="
    },
    "mavon-editor": {
      "version": "2.7.3",
      "resolved": "https://registry.npmjs.org/mavon-editor/-/mavon-editor-2.7.3.tgz",
      "integrity": "sha512-AFe/UTsz/ztm/NS61aRh8SpAnXA+VLnHyH/+SZRdb97UAJVUCdOXjEEYxiFre4eZUU/ZFKJIPiVYk9qg3CeB3g==",
      "requires": {
        "highlight.js": "^9.11.0",
        "highlight.js-async-webpack": "^1.0.4"
      }
    }
  }
}
